
Microsoft Visual Studio Solution File, Format Version 12.00
# Visual Studio Version 17
VisualStudioVersion = 17.4.33213.308
MinimumVisualStudioVersion = 10.0.40219.1
Project("{FAE04EC0-301F-11D3-BF4B-00C04F79EFBC}") = "UsedCarsOnline", "UsedCarsOnline.csproj", "{58BFC6EC-F2A4-4B82-A939-9D5DACA8ADBC}"
EndProject
Global
	GlobalSection(SolutionConfigurationPlatforms) = preSolution
		Debug|Any CPU = Debug|Any CPU
		Release|Any CPU = Release|Any CPU
	EndGlobalSection
	GlobalSection(ProjectConfigurationPlatforms) = postSolution
		{58BFC6EC-F2A4-4B82-A939-9D5DACA8ADBC}.Debug|Any CPU.ActiveCfg = Debug|Any CPU
		{58BFC6EC-F2A4-4B82-A939-9D5DACA8ADBC}.Debug|Any CPU.Build.0 = Debug|Any CPU
		{58BFC6EC-F2A4-4B82-A939-9D5DACA8ADBC}.Release|Any CPU.ActiveCfg = Release|Any CPU
		{58BFC6EC-F2A4-4B82-A939-9D5DACA8ADBC}.Release|Any CPU.Build.0 = Release|Any CPU
	EndGlobalSection
	GlobalSection(SolutionProperties) = preSolution
		HideSolutionNode = FALSE
	EndGlobalSection
	GlobalSection(ExtensibilityGlobals) = postSolution
		SolutionGuid = {0871ED1C-21F3-4190-A700-345C2A5210A9}
	EndGlobalSection
EndGlobal
